{
  "name": "public",
  "version": "1.0.0",
  "lockfileVersion": 3,
  "requires": true,
  "packages": {
    "": {
      "name": "public",
      "version": "1.0.0",
      "license": "ISC",
      "dependencies": {
        "admin-lte": "^4.0.0-beta2"
      }
    },
    "node_modules/admin-lte": {
      "version": "4.0.0-beta2",
      "resolved": "https://registry.npmjs.org/admin-lte/-/admin-lte-4.0.0-beta2.tgz",
      "integrity": "sha512-Ofav0BKnCnz+IeeXrHQZ6JWnHouwv+fDYyfagRpjfFaMBmYCljA2Qo1+fCGkJuJn/SfNPhFpJhbUt+l2tH0LwA=="
    }
  }
}
